
Microsoft Visual Studio Solution File, Format Version 12.00
# Visual Studio 2012
Project("{FAE04EC0-301F-11D3-BF4B-00C04F79EFBC}") = "RocksmithToolkitLibTest", "RocksmithToolkitLibTest\RocksmithToolkitLibTest.csproj", "{1940BBE3-640F-499C-80BC-2291585406D2}"
EndProject
Project("{FAE04EC0-301F-11D3-BF4B-00C04F79EFBC}") = "RocksmithToolkitGUI", "RocksmithTookitGUI\RocksmithToolkitGUI.csproj", "{1A3DEAD6-14F3-43C3-B15C-A866D48FEF61}"
EndProject
Project("{FAE04EC0-301F-11D3-BF4B-00C04F79EFBC}") = "RocksmithToolkitLib", "RocksmithToolkitLib\RocksmithToolkitLib.csproj", "{2231C13A-14F6-478A-96D7-D1D3E1094CD6}"
EndProject
Project("{2150E333-8FDC-42A3-9474-1A3956D46DE8}") = "RocksmithToolkitCLI", "RocksmithToolkitCLI", "{7CFB8499-8B82-40B3-89EA-7971F5FD1E0C}"
EndProject
Project("{FAE04EC0-301F-11D3-BF4B-00C04F79EFBC}") = "xml2sng", "RocksmithToolkitCLI\xml2sng\xml2sng.csproj", "{48703F6C-9F98-4534-AB1D-67856A84D806}"
EndProject
Project("{FAE04EC0-301F-11D3-BF4B-00C04F79EFBC}") = "pcdecrypt", "RocksmithToolkitCLI\pcdecrypt\pcdecrypt.csproj", "{9190164B-E755-4C8D-812E-70BE8FA286DD}"
EndProject
Project("{FAE04EC0-301F-11D3-BF4B-00C04F79EFBC}") = "packer", "RocksmithToolkitCLI\packer\packer.csproj", "{822D185A-28A3-4AE0-A811-800E968AA2E7}"
EndProject
Project("{FAE04EC0-301F-11D3-BF4B-00C04F79EFBC}") = "pedalgen", "RocksmithToolkitCLI\pedalgen\pedalgen.csproj", "{54637C43-E331-443B-B30F-C181A5CA60A4}"
EndProject
Project("{FAE04EC0-301F-11D3-BF4B-00C04F79EFBC}") = "sngtotab", "RocksmithToolkitCLI\sngtotab\sngtotab.csproj", "{3AB6A6D5-B5AE-4319-9B57-2758D13EB042}"
EndProject
Project("{FAE04EC0-301F-11D3-BF4B-00C04F79EFBC}") = "devtools", "RocksmithToolkitCLI\devtools\devtools.csproj", "{63FB3334-1E7E-42D7-A025-744BC387AAD6}"
EndProject
Project("{FAE04EC0-301F-11D3-BF4B-00C04F79EFBC}") = "dlcconverter", "RocksmithToolkitCLI\dlcconverter\dlcconverter.csproj", "{972BC97A-B70A-4007-B915-952CC3606A2A}"
EndProject
Project("{FAE04EC0-301F-11D3-BF4B-00C04F79EFBC}") = "sng2014", "RocksmithToolkitCLI\sng2014\sng2014.csproj", "{8FDBC548-DEBF-46D6-A933-33C8D72F33AB}"
EndProject
Project("{FAE04EC0-301F-11D3-BF4B-00C04F79EFBC}") = "packagecreator", "RocksmithToolkitCLI\PackageCreator\packagecreator.csproj", "{ED268869-387A-477E-A652-C6E47BE2AC02}"
EndProject
Project("{FAE04EC0-301F-11D3-BF4B-00C04F79EFBC}") = "artistfolders", "RocksmithToolkitCLI\artistfolders\artistfolders.csproj", "{E742753F-9DC3-4AB7-B129-DC11EB2302CA}"
EndProject
Project("{FAE04EC0-301F-11D3-BF4B-00C04F79EFBC}") = "convert2012", "RocksmithToolkitCLI\convert2012\convert2012.csproj", "{FE4E3BDA-2942-4009-9F42-07ECEF8DE350}"
EndProject
Project("{2150E333-8FDC-42A3-9474-1A3956D46DE8}") = "Third-party Apps", "Third-party Apps", "{17ADB8C7-17DF-4BE3-8460-3E342F334B53}"
	ProjectSection(SolutionItems) = preProject
		Third-party Apps\7za.exe = Third-party Apps\7za.exe
		Third-party Apps\nvdxt.exe = Third-party Apps\nvdxt.exe
		Third-party Apps\oggCut.exe = Third-party Apps\oggCut.exe
		Third-party Apps\oggdec.exe = Third-party Apps\oggdec.exe
		Third-party Apps\oggenc.exe = Third-party Apps\oggenc.exe
		Third-party Apps\PackageCreatorCLI.bat = Third-party Apps\PackageCreatorCLI.bat
		Third-party Apps\packed_codebooks.bin = Third-party Apps\packed_codebooks.bin
		Third-party Apps\packed_codebooks_aoTuV_603.bin = Third-party Apps\packed_codebooks_aoTuV_603.bin
		Third-party Apps\PackerCLI.bat = Third-party Apps\PackerCLI.bat
		Third-party Apps\readme.txt = Third-party Apps\readme.txt
		Third-party Apps\revorb.exe = Third-party Apps\revorb.exe
		Third-party Apps\topng.exe = Third-party Apps\topng.exe
		Third-party Apps\UnpackerCLI.bat = Third-party Apps\UnpackerCLI.bat
		Third-party Apps\ww2ogg.exe = Third-party Apps\ww2ogg.exe
		Third-party Apps\Wwise2013.tar.bz2 = Third-party Apps\Wwise2013.tar.bz2
		Third-party Apps\Wwise2014.tar.bz2 = Third-party Apps\Wwise2014.tar.bz2
	EndProjectSection
EndProject
Project("{2150E333-8FDC-42A3-9474-1A3956D46DE8}") = "tool", "tool", "{8BDB8985-CC6B-4479-A9A7-0489836D87CD}"
	ProjectSection(SolutionItems) = preProject
		Third-party Apps\tool\core.jar = Third-party Apps\tool\core.jar
	EndProjectSection
EndProject
Project("{2150E333-8FDC-42A3-9474-1A3956D46DE8}") = "ddc", "ddc", "{CB7159F6-4CF1-4296-A7EA-BCC4127C0441}"
	ProjectSection(SolutionItems) = preProject
		Third-party Apps\ddc\ddc.exe = Third-party Apps\ddc\ddc.exe
		Third-party Apps\ddc\ddc_chords_protector.xml = Third-party Apps\ddc\ddc_chords_protector.xml
		Third-party Apps\ddc\ddc_chords_remover.xml = Third-party Apps\ddc\ddc_chords_remover.xml
		Third-party Apps\ddc\ddc_dd_remover.xml = Third-party Apps\ddc\ddc_dd_remover.xml
		Third-party Apps\ddc\ddc_default.cfg = Third-party Apps\ddc\ddc_default.cfg
		Third-party Apps\ddc\ddc_default.xml = Third-party Apps\ddc\ddc_default.xml
		Third-party Apps\ddc\ddc_keep_all_levels.cfg = Third-party Apps\ddc\ddc_keep_all_levels.cfg
		Third-party Apps\ddc\ddc_merge_all_levels.cfg = Third-party Apps\ddc\ddc_merge_all_levels.cfg
		Third-party Apps\ddc\license.txt = Third-party Apps\ddc\license.txt
		Third-party Apps\ddc\readme.txt = Third-party Apps\ddc\readme.txt
	EndProjectSection
EndProject
Project("{FAE04EC0-301F-11D3-BF4B-00C04F79EFBC}") = "RocksmithToolkitUpdater", "RocksmithToolkitUpdater\RocksmithToolkitUpdater.csproj", "{4404D0DD-017E-4CC5-8302-3C150FDF06E7}"
EndProject
Global
	GlobalSection(SolutionConfigurationPlatforms) = preSolution
		Debug|x86 = Debug|x86
		Release|x86 = Release|x86
		ReleaseMac|x86 = ReleaseMac|x86
	EndGlobalSection
	GlobalSection(ProjectConfigurationPlatforms) = postSolution
		{1940BBE3-640F-499C-80BC-2291585406D2}.Debug|x86.ActiveCfg = Debug|x86
		{1940BBE3-640F-499C-80BC-2291585406D2}.Debug|x86.Build.0 = Debug|x86
		{1940BBE3-640F-499C-80BC-2291585406D2}.Release|x86.ActiveCfg = Release|x86
		{1940BBE3-640F-499C-80BC-2291585406D2}.Release|x86.Build.0 = Release|x86
		{1940BBE3-640F-499C-80BC-2291585406D2}.ReleaseMac|x86.ActiveCfg = ReleaseMac|x86
		{1940BBE3-640F-499C-80BC-2291585406D2}.ReleaseMac|x86.Build.0 = ReleaseMac|x86
		{1A3DEAD6-14F3-43C3-B15C-A866D48FEF61}.Debug|x86.ActiveCfg = Debug|x86
		{1A3DEAD6-14F3-43C3-B15C-A866D48FEF61}.Debug|x86.Build.0 = Debug|x86
		{1A3DEAD6-14F3-43C3-B15C-A866D48FEF61}.Release|x86.ActiveCfg = Release|x86
		{1A3DEAD6-14F3-43C3-B15C-A866D48FEF61}.Release|x86.Build.0 = Release|x86
		{1A3DEAD6-14F3-43C3-B15C-A866D48FEF61}.ReleaseMac|x86.ActiveCfg = ReleaseMac|x86
		{1A3DEAD6-14F3-43C3-B15C-A866D48FEF61}.ReleaseMac|x86.Build.0 = ReleaseMac|x86
		{2231C13A-14F6-478A-96D7-D1D3E1094CD6}.Debug|x86.ActiveCfg = Debug|x86
		{2231C13A-14F6-478A-96D7-D1D3E1094CD6}.Debug|x86.Build.0 = Debug|x86
		{2231C13A-14F6-478A-96D7-D1D3E1094CD6}.Release|x86.ActiveCfg = Release|x86
		{2231C13A-14F6-478A-96D7-D1D3E1094CD6}.Release|x86.Build.0 = Release|x86
		{2231C13A-14F6-478A-96D7-D1D3E1094CD6}.ReleaseMac|x86.ActiveCfg = ReleaseMac|x86
		{2231C13A-14F6-478A-96D7-D1D3E1094CD6}.ReleaseMac|x86.Build.0 = ReleaseMac|x86
		{48703F6C-9F98-4534-AB1D-67856A84D806}.Debug|x86.ActiveCfg = Debug|x86
		{48703F6C-9F98-4534-AB1D-67856A84D806}.Debug|x86.Build.0 = Debug|x86
		{48703F6C-9F98-4534-AB1D-67856A84D806}.Release|x86.ActiveCfg = Release|x86
		{48703F6C-9F98-4534-AB1D-67856A84D806}.Release|x86.Build.0 = Release|x86
		{48703F6C-9F98-4534-AB1D-67856A84D806}.ReleaseMac|x86.ActiveCfg = ReleaseMac|x86
		{48703F6C-9F98-4534-AB1D-67856A84D806}.ReleaseMac|x86.Build.0 = ReleaseMac|x86
		{9190164B-E755-4C8D-812E-70BE8FA286DD}.Debug|x86.ActiveCfg = Debug|x86
		{9190164B-E755-4C8D-812E-70BE8FA286DD}.Debug|x86.Build.0 = Debug|x86
		{9190164B-E755-4C8D-812E-70BE8FA286DD}.Release|x86.ActiveCfg = Release|x86
		{9190164B-E755-4C8D-812E-70BE8FA286DD}.Release|x86.Build.0 = Release|x86
		{9190164B-E755-4C8D-812E-70BE8FA286DD}.ReleaseMac|x86.ActiveCfg = ReleaseMac|x86
		{9190164B-E755-4C8D-812E-70BE8FA286DD}.ReleaseMac|x86.Build.0 = ReleaseMac|x86
		{822D185A-28A3-4AE0-A811-800E968AA2E7}.Debug|x86.ActiveCfg = Debug|x86
		{822D185A-28A3-4AE0-A811-800E968AA2E7}.Debug|x86.Build.0 = Debug|x86
		{822D185A-28A3-4AE0-A811-800E968AA2E7}.Release|x86.ActiveCfg = Release|x86
		{822D185A-28A3-4AE0-A811-800E968AA2E7}.Release|x86.Build.0 = Release|x86
		{822D185A-28A3-4AE0-A811-800E968AA2E7}.ReleaseMac|x86.ActiveCfg = ReleaseMac|x86
		{822D185A-28A3-4AE0-A811-800E968AA2E7}.ReleaseMac|x86.Build.0 = ReleaseMac|x86
		{54637C43-E331-443B-B30F-C181A5CA60A4}.Debug|x86.ActiveCfg = Debug|x86
		{54637C43-E331-443B-B30F-C181A5CA60A4}.Debug|x86.Build.0 = Debug|x86
		{54637C43-E331-443B-B30F-C181A5CA60A4}.Release|x86.ActiveCfg = Release|x86
		{54637C43-E331-443B-B30F-C181A5CA60A4}.Release|x86.Build.0 = Release|x86
		{54637C43-E331-443B-B30F-C181A5CA60A4}.ReleaseMac|x86.ActiveCfg = ReleaseMac|x86
		{54637C43-E331-443B-B30F-C181A5CA60A4}.ReleaseMac|x86.Build.0 = ReleaseMac|x86
		{3AB6A6D5-B5AE-4319-9B57-2758D13EB042}.Debug|x86.ActiveCfg = Debug|x86
		{3AB6A6D5-B5AE-4319-9B57-2758D13EB042}.Debug|x86.Build.0 = Debug|x86
		{3AB6A6D5-B5AE-4319-9B57-2758D13EB042}.Release|x86.ActiveCfg = Release|x86
		{3AB6A6D5-B5AE-4319-9B57-2758D13EB042}.Release|x86.Build.0 = Release|x86
		{3AB6A6D5-B5AE-4319-9B57-2758D13EB042}.ReleaseMac|x86.ActiveCfg = ReleaseMac|x86
		{3AB6A6D5-B5AE-4319-9B57-2758D13EB042}.ReleaseMac|x86.Build.0 = ReleaseMac|x86
		{63FB3334-1E7E-42D7-A025-744BC387AAD6}.Debug|x86.ActiveCfg = Debug|x86
		{63FB3334-1E7E-42D7-A025-744BC387AAD6}.Debug|x86.Build.0 = Debug|x86
		{63FB3334-1E7E-42D7-A025-744BC387AAD6}.Release|x86.ActiveCfg = Release|x86
		{63FB3334-1E7E-42D7-A025-744BC387AAD6}.Release|x86.Build.0 = Release|x86
		{63FB3334-1E7E-42D7-A025-744BC387AAD6}.ReleaseMac|x86.ActiveCfg = ReleaseMac|x86
		{63FB3334-1E7E-42D7-A025-744BC387AAD6}.ReleaseMac|x86.Build.0 = ReleaseMac|x86
		{972BC97A-B70A-4007-B915-952CC3606A2A}.Debug|x86.ActiveCfg = Debug|x86
		{972BC97A-B70A-4007-B915-952CC3606A2A}.Debug|x86.Build.0 = Debug|x86
		{972BC97A-B70A-4007-B915-952CC3606A2A}.Release|x86.ActiveCfg = Release|x86
		{972BC97A-B70A-4007-B915-952CC3606A2A}.Release|x86.Build.0 = Release|x86
		{972BC97A-B70A-4007-B915-952CC3606A2A}.ReleaseMac|x86.ActiveCfg = ReleaseMac|x86
		{972BC97A-B70A-4007-B915-952CC3606A2A}.ReleaseMac|x86.Build.0 = ReleaseMac|x86
		{8FDBC548-DEBF-46D6-A933-33C8D72F33AB}.Debug|x86.ActiveCfg = Debug|x86
		{8FDBC548-DEBF-46D6-A933-33C8D72F33AB}.Debug|x86.Build.0 = Debug|x86
		{8FDBC548-DEBF-46D6-A933-33C8D72F33AB}.Release|x86.ActiveCfg = Release|x86
		{8FDBC548-DEBF-46D6-A933-33C8D72F33AB}.Release|x86.Build.0 = Release|x86
		{8FDBC548-DEBF-46D6-A933-33C8D72F33AB}.ReleaseMac|x86.ActiveCfg = ReleaseMac|x86
		{8FDBC548-DEBF-46D6-A933-33C8D72F33AB}.ReleaseMac|x86.Build.0 = ReleaseMac|x86
		{ED268869-387A-477E-A652-C6E47BE2AC02}.Debug|x86.ActiveCfg = Debug|x86
		{ED268869-387A-477E-A652-C6E47BE2AC02}.Debug|x86.Build.0 = Debug|x86
		{ED268869-387A-477E-A652-C6E47BE2AC02}.Release|x86.ActiveCfg = Release|x86
		{ED268869-387A-477E-A652-C6E47BE2AC02}.Release|x86.Build.0 = Release|x86
		{ED268869-387A-477E-A652-C6E47BE2AC02}.ReleaseMac|x86.ActiveCfg = Release|x86
		{ED268869-387A-477E-A652-C6E47BE2AC02}.ReleaseMac|x86.Build.0 = Release|x86
		{E742753F-9DC3-4AB7-B129-DC11EB2302CA}.Debug|x86.ActiveCfg = Debug|x86
		{E742753F-9DC3-4AB7-B129-DC11EB2302CA}.Debug|x86.Build.0 = Debug|x86
		{E742753F-9DC3-4AB7-B129-DC11EB2302CA}.Debug|x86.Deploy.0 = Debug|x86
		{E742753F-9DC3-4AB7-B129-DC11EB2302CA}.Release|x86.ActiveCfg = Release|x86
		{E742753F-9DC3-4AB7-B129-DC11EB2302CA}.Release|x86.Build.0 = Release|x86
		{E742753F-9DC3-4AB7-B129-DC11EB2302CA}.ReleaseMac|x86.ActiveCfg = Release|x86
		{E742753F-9DC3-4AB7-B129-DC11EB2302CA}.ReleaseMac|x86.Build.0 = Release|x86
		{FE4E3BDA-2942-4009-9F42-07ECEF8DE350}.Debug|x86.ActiveCfg = Debug|x86
		{FE4E3BDA-2942-4009-9F42-07ECEF8DE350}.Debug|x86.Build.0 = Debug|x86
		{FE4E3BDA-2942-4009-9F42-07ECEF8DE350}.Release|x86.ActiveCfg = Release|x86
		{FE4E3BDA-2942-4009-9F42-07ECEF8DE350}.Release|x86.Build.0 = Release|x86
		{FE4E3BDA-2942-4009-9F42-07ECEF8DE350}.ReleaseMac|x86.ActiveCfg = Release|x86
		{FE4E3BDA-2942-4009-9F42-07ECEF8DE350}.ReleaseMac|x86.Build.0 = Release|x86
		{4404D0DD-017E-4CC5-8302-3C150FDF06E7}.Debug|x86.ActiveCfg = Debug|x86
		{4404D0DD-017E-4CC5-8302-3C150FDF06E7}.Debug|x86.Build.0 = Debug|x86
		{4404D0DD-017E-4CC5-8302-3C150FDF06E7}.Release|x86.ActiveCfg = Release|x86
		{4404D0DD-017E-4CC5-8302-3C150FDF06E7}.Release|x86.Build.0 = Release|x86
		{4404D0DD-017E-4CC5-8302-3C150FDF06E7}.ReleaseMac|x86.ActiveCfg = Release|x86
		{4404D0DD-017E-4CC5-8302-3C150FDF06E7}.ReleaseMac|x86.Build.0 = Release|x86
	EndGlobalSection
	GlobalSection(SolutionProperties) = preSolution
		HideSolutionNode = FALSE
	EndGlobalSection
	GlobalSection(NestedProjects) = preSolution
		{48703F6C-9F98-4534-AB1D-67856A84D806} = {7CFB8499-8B82-40B3-89EA-7971F5FD1E0C}
		{9190164B-E755-4C8D-812E-70BE8FA286DD} = {7CFB8499-8B82-40B3-89EA-7971F5FD1E0C}
		{822D185A-28A3-4AE0-A811-800E968AA2E7} = {7CFB8499-8B82-40B3-89EA-7971F5FD1E0C}
		{54637C43-E331-443B-B30F-C181A5CA60A4} = {7CFB8499-8B82-40B3-89EA-7971F5FD1E0C}
		{3AB6A6D5-B5AE-4319-9B57-2758D13EB042} = {7CFB8499-8B82-40B3-89EA-7971F5FD1E0C}
		{63FB3334-1E7E-42D7-A025-744BC387AAD6} = {7CFB8499-8B82-40B3-89EA-7971F5FD1E0C}
		{972BC97A-B70A-4007-B915-952CC3606A2A} = {7CFB8499-8B82-40B3-89EA-7971F5FD1E0C}
		{8FDBC548-DEBF-46D6-A933-33C8D72F33AB} = {7CFB8499-8B82-40B3-89EA-7971F5FD1E0C}
		{ED268869-387A-477E-A652-C6E47BE2AC02} = {7CFB8499-8B82-40B3-89EA-7971F5FD1E0C}
		{E742753F-9DC3-4AB7-B129-DC11EB2302CA} = {7CFB8499-8B82-40B3-89EA-7971F5FD1E0C}
		{FE4E3BDA-2942-4009-9F42-07ECEF8DE350} = {7CFB8499-8B82-40B3-89EA-7971F5FD1E0C}
		{8BDB8985-CC6B-4479-A9A7-0489836D87CD} = {17ADB8C7-17DF-4BE3-8460-3E342F334B53}
		{CB7159F6-4CF1-4296-A7EA-BCC4127C0441} = {17ADB8C7-17DF-4BE3-8460-3E342F334B53}
	EndGlobalSection
EndGlobal
