
Microsoft Visual Studio Solution File, Format Version 11.00
# Visual Studio 2010
Project("{FAE04EC0-301F-11D3-BF4B-00C04F79EFBC}") = "RocksmithSngFileCreator", "RocksmithCustomSongCreator\RocksmithSngFileCreator.csproj", "{2CDE8634-9FC7-4ED0-8040-8D0A89CDB464}"
EndProject
Project("{FAE04EC0-301F-11D3-BF4B-00C04F79EFBC}") = "RocksmithCustomSongCreatorTest", "RocksmithCustomSongCreatorTest\RocksmithCustomSongCreatorTest.csproj", "{1940BBE3-640F-499C-80BC-2291585406D2}"
EndProject
Project("{FAE04EC0-301F-11D3-BF4B-00C04F79EFBC}") = "RocksmithEncoder", "RocksmithEncoder\RocksmithEncoder.csproj", "{3515F695-7B40-4B51-A39B-244C1469ABE5}"
EndProject
Project("{FAE04EC0-301F-11D3-BF4B-00C04F79EFBC}") = "RocksmithDLCPackager", "RocksmithDLCPackager\RocksmithDLCPackager.csproj", "{81634B2B-1CA3-48A6-B83D-6C7021C4FB7B}"
EndProject
Project("{FAE04EC0-301F-11D3-BF4B-00C04F79EFBC}") = "RocksmithDLCCreator", "RocksmithDLCCreator\RocksmithDLCCreator.csproj", "{E93B4D6A-474F-4056-A760-601BDD06D693}"
EndProject
Project("{FAE04EC0-301F-11D3-BF4B-00C04F79EFBC}") = "RocksmithTookitGUI", "RocksmithTookitGUI\RocksmithTookitGUI.csproj", "{1A3DEAD6-14F3-43C3-B15C-A866D48FEF61}"
EndProject
Global
	GlobalSection(SolutionConfigurationPlatforms) = preSolution
		Debug|Any CPU = Debug|Any CPU
		Debug|Mixed Platforms = Debug|Mixed Platforms
		Debug|x86 = Debug|x86
		Release|Any CPU = Release|Any CPU
		Release|Mixed Platforms = Release|Mixed Platforms
		Release|x86 = Release|x86
	EndGlobalSection
	GlobalSection(ProjectConfigurationPlatforms) = postSolution
		{2CDE8634-9FC7-4ED0-8040-8D0A89CDB464}.Debug|Any CPU.ActiveCfg = Debug|x86
		{2CDE8634-9FC7-4ED0-8040-8D0A89CDB464}.Debug|Mixed Platforms.ActiveCfg = Debug|x86
		{2CDE8634-9FC7-4ED0-8040-8D0A89CDB464}.Debug|Mixed Platforms.Build.0 = Debug|x86
		{2CDE8634-9FC7-4ED0-8040-8D0A89CDB464}.Debug|x86.ActiveCfg = Debug|x86
		{2CDE8634-9FC7-4ED0-8040-8D0A89CDB464}.Debug|x86.Build.0 = Debug|x86
		{2CDE8634-9FC7-4ED0-8040-8D0A89CDB464}.Release|Any CPU.ActiveCfg = Release|x86
		{2CDE8634-9FC7-4ED0-8040-8D0A89CDB464}.Release|Mixed Platforms.ActiveCfg = Release|x86
		{2CDE8634-9FC7-4ED0-8040-8D0A89CDB464}.Release|Mixed Platforms.Build.0 = Release|x86
		{2CDE8634-9FC7-4ED0-8040-8D0A89CDB464}.Release|x86.ActiveCfg = Release|x86
		{2CDE8634-9FC7-4ED0-8040-8D0A89CDB464}.Release|x86.Build.0 = Release|x86
		{1940BBE3-640F-499C-80BC-2291585406D2}.Debug|Any CPU.ActiveCfg = Debug|Any CPU
		{1940BBE3-640F-499C-80BC-2291585406D2}.Debug|Any CPU.Build.0 = Debug|Any CPU
		{1940BBE3-640F-499C-80BC-2291585406D2}.Debug|Mixed Platforms.ActiveCfg = Debug|Any CPU
		{1940BBE3-640F-499C-80BC-2291585406D2}.Debug|Mixed Platforms.Build.0 = Debug|Any CPU
		{1940BBE3-640F-499C-80BC-2291585406D2}.Debug|x86.ActiveCfg = Debug|Any CPU
		{1940BBE3-640F-499C-80BC-2291585406D2}.Release|Any CPU.ActiveCfg = Release|Any CPU
		{1940BBE3-640F-499C-80BC-2291585406D2}.Release|Any CPU.Build.0 = Release|Any CPU
		{1940BBE3-640F-499C-80BC-2291585406D2}.Release|Mixed Platforms.ActiveCfg = Release|Any CPU
		{1940BBE3-640F-499C-80BC-2291585406D2}.Release|Mixed Platforms.Build.0 = Release|Any CPU
		{1940BBE3-640F-499C-80BC-2291585406D2}.Release|x86.ActiveCfg = Release|Any CPU
		{3515F695-7B40-4B51-A39B-244C1469ABE5}.Debug|Any CPU.ActiveCfg = Debug|x86
		{3515F695-7B40-4B51-A39B-244C1469ABE5}.Debug|Mixed Platforms.ActiveCfg = Debug|x86
		{3515F695-7B40-4B51-A39B-244C1469ABE5}.Debug|Mixed Platforms.Build.0 = Debug|x86
		{3515F695-7B40-4B51-A39B-244C1469ABE5}.Debug|x86.ActiveCfg = Debug|x86
		{3515F695-7B40-4B51-A39B-244C1469ABE5}.Release|Any CPU.ActiveCfg = Release|x86
		{3515F695-7B40-4B51-A39B-244C1469ABE5}.Release|Mixed Platforms.ActiveCfg = Release|x86
		{3515F695-7B40-4B51-A39B-244C1469ABE5}.Release|x86.ActiveCfg = Release|x86
		{81634B2B-1CA3-48A6-B83D-6C7021C4FB7B}.Debug|Any CPU.ActiveCfg = Debug|x86
		{81634B2B-1CA3-48A6-B83D-6C7021C4FB7B}.Debug|Mixed Platforms.ActiveCfg = Debug|x86
		{81634B2B-1CA3-48A6-B83D-6C7021C4FB7B}.Debug|Mixed Platforms.Build.0 = Debug|x86
		{81634B2B-1CA3-48A6-B83D-6C7021C4FB7B}.Debug|x86.ActiveCfg = Debug|x86
		{81634B2B-1CA3-48A6-B83D-6C7021C4FB7B}.Debug|x86.Build.0 = Debug|x86
		{81634B2B-1CA3-48A6-B83D-6C7021C4FB7B}.Release|Any CPU.ActiveCfg = Release|x86
		{81634B2B-1CA3-48A6-B83D-6C7021C4FB7B}.Release|Mixed Platforms.ActiveCfg = Release|x86
		{81634B2B-1CA3-48A6-B83D-6C7021C4FB7B}.Release|Mixed Platforms.Build.0 = Release|x86
		{81634B2B-1CA3-48A6-B83D-6C7021C4FB7B}.Release|x86.ActiveCfg = Release|x86
		{81634B2B-1CA3-48A6-B83D-6C7021C4FB7B}.Release|x86.Build.0 = Release|x86
		{E93B4D6A-474F-4056-A760-601BDD06D693}.Debug|Any CPU.ActiveCfg = Debug|x86
		{E93B4D6A-474F-4056-A760-601BDD06D693}.Debug|Mixed Platforms.ActiveCfg = Debug|x86
		{E93B4D6A-474F-4056-A760-601BDD06D693}.Debug|Mixed Platforms.Build.0 = Debug|x86
		{E93B4D6A-474F-4056-A760-601BDD06D693}.Debug|x86.ActiveCfg = Debug|x86
		{E93B4D6A-474F-4056-A760-601BDD06D693}.Debug|x86.Build.0 = Debug|x86
		{E93B4D6A-474F-4056-A760-601BDD06D693}.Release|Any CPU.ActiveCfg = Release|x86
		{E93B4D6A-474F-4056-A760-601BDD06D693}.Release|Mixed Platforms.ActiveCfg = Release|x86
		{E93B4D6A-474F-4056-A760-601BDD06D693}.Release|Mixed Platforms.Build.0 = Release|x86
		{E93B4D6A-474F-4056-A760-601BDD06D693}.Release|x86.ActiveCfg = Release|x86
		{E93B4D6A-474F-4056-A760-601BDD06D693}.Release|x86.Build.0 = Release|x86
		{1A3DEAD6-14F3-43C3-B15C-A866D48FEF61}.Debug|Any CPU.ActiveCfg = Debug|x86
		{1A3DEAD6-14F3-43C3-B15C-A866D48FEF61}.Debug|Mixed Platforms.ActiveCfg = Debug|x86
		{1A3DEAD6-14F3-43C3-B15C-A866D48FEF61}.Debug|Mixed Platforms.Build.0 = Debug|x86
		{1A3DEAD6-14F3-43C3-B15C-A866D48FEF61}.Debug|x86.ActiveCfg = Debug|x86
		{1A3DEAD6-14F3-43C3-B15C-A866D48FEF61}.Debug|x86.Build.0 = Debug|x86
		{1A3DEAD6-14F3-43C3-B15C-A866D48FEF61}.Release|Any CPU.ActiveCfg = Release|x86
		{1A3DEAD6-14F3-43C3-B15C-A866D48FEF61}.Release|Mixed Platforms.ActiveCfg = Release|x86
		{1A3DEAD6-14F3-43C3-B15C-A866D48FEF61}.Release|Mixed Platforms.Build.0 = Release|x86
		{1A3DEAD6-14F3-43C3-B15C-A866D48FEF61}.Release|x86.ActiveCfg = Release|x86
		{1A3DEAD6-14F3-43C3-B15C-A866D48FEF61}.Release|x86.Build.0 = Release|x86
	EndGlobalSection
	GlobalSection(SolutionProperties) = preSolution
		HideSolutionNode = FALSE
	EndGlobalSection
EndGlobal
