
Microsoft Visual Studio Solution File, Format Version 11.00
# Visual Studio 2010
Project("{FAE04EC0-301F-11D3-BF4B-00C04F79EFBC}") = "RocksmithToolkitLibTest", "RocksmithToolkitLibTest\RocksmithToolkitLibTest.csproj", "{1940BBE3-640F-499C-80BC-2291585406D2}"
EndProject
Project("{FAE04EC0-301F-11D3-BF4B-00C04F79EFBC}") = "RocksmithToolkitGUI", "RocksmithTookitGUI\RocksmithToolkitGUI.csproj", "{1A3DEAD6-14F3-43C3-B15C-A866D48FEF61}"
EndProject
Project("{FAE04EC0-301F-11D3-BF4B-00C04F79EFBC}") = "RocksmithToolkitLib", "RocksmithToolkitLib\RocksmithToolkitLib.csproj", "{2231C13A-14F6-478A-96D7-D1D3E1094CD6}"
EndProject
Project("{FAE04EC0-301F-11D3-BF4B-00C04F79EFBC}") = "xml2sng", "RocksmithToolkitCLI\xml2sng\xml2sng.csproj", "{48703F6C-9F98-4534-AB1D-67856A84D806}"
EndProject
Project("{2150E333-8FDC-42A3-9474-1A3956D46DE8}") = "RocksmithToolkitCLI", "RocksmithToolkitCLI", "{7CFB8499-8B82-40B3-89EA-7971F5FD1E0C}"
EndProject
Project("{FAE04EC0-301F-11D3-BF4B-00C04F79EFBC}") = "pcdecrypt", "RocksmithToolkitCLI\pcdecrypt\pcdecrypt.csproj", "{9190164B-E755-4C8D-812E-70BE8FA286DD}"
EndProject
Project("{2150E333-8FDC-42A3-9474-1A3956D46DE8}") = "Third-party Apps", "Third-party Apps", "{17ADB8C7-17DF-4BE3-8460-3E342F334B53}"
	ProjectSection(SolutionItems) = preProject
		Third-party Apps\tool\core.jar = Third-party Apps\tool\core.jar
		Third-party Apps\nvdxt.exe = Third-party Apps\nvdxt.exe
		Third-party Apps\packed_codebooks.bin = Third-party Apps\packed_codebooks.bin
		Third-party Apps\packed_codebooks_aoTuV_603.bin = Third-party Apps\packed_codebooks_aoTuV_603.bin
		Third-party Apps\ps3_decrypt.cmd = Third-party Apps\ps3_decrypt.cmd
		Third-party Apps\ps3_decrypt.config = Third-party Apps\ps3_decrypt.config
		Third-party Apps\ps3_encrypt.cmd = Third-party Apps\ps3_encrypt.cmd
		Third-party Apps\ps3_encrypt.config = Third-party Apps\ps3_encrypt.config
		Third-party Apps\readme.txt = Third-party Apps\readme.txt
		Third-party Apps\rebuilder.exe = Third-party Apps\rebuilder.exe
		Third-party Apps\revorb.exe = Third-party Apps\revorb.exe
		Third-party Apps\tool\sfk.exe = Third-party Apps\tool\sfk.exe
		Third-party Apps\ww2ogg.exe = Third-party Apps\ww2ogg.exe
	EndProjectSection
EndProject
Project("{FAE04EC0-301F-11D3-BF4B-00C04F79EFBC}") = "packer", "RocksmithToolkitCLI\packer\packer.csproj", "{822D185A-28A3-4AE0-A811-800E968AA2E7}"
EndProject
Project("{FAE04EC0-301F-11D3-BF4B-00C04F79EFBC}") = "pedalgen", "RocksmithToolkitCLI\pedalgen\pedalgen.csproj", "{54637C43-E331-443B-B30F-C181A5CA60A4}"
EndProject
Project("{FAE04EC0-301F-11D3-BF4B-00C04F79EFBC}") = "sngtotab", "RocksmithToolkitCLI\sngtotab\sngtotab.csproj", "{3AB6A6D5-B5AE-4319-9B57-2758D13EB042}"
EndProject
Project("{FAE04EC0-301F-11D3-BF4B-00C04F79EFBC}") = "devtools", "RocksmithToolkitCLI\devtools\devtools.csproj", "{63FB3334-1E7E-42D7-A025-744BC387AAD6}"
EndProject
Project("{FAE04EC0-301F-11D3-BF4B-00C04F79EFBC}") = "dlcconverter", "RocksmithToolkitCLI\dlcconverter\dlcconverter.csproj", "{972BC97A-B70A-4007-B915-952CC3606A2A}"
EndProject
Project("{FAE04EC0-301F-11D3-BF4B-00C04F79EFBC}") = "sng2014", "RocksmithToolkitCLI\sng2014\sng2014.csproj", "{8FDBC548-DEBF-46D6-A933-33C8D72F33AB}"
EndProject
Project("{FAE04EC0-301F-11D3-BF4B-00C04F79EFBC}") = "RocksmithToolkitUpdater", "RocksmithToolkitUpdater\RocksmithToolkitUpdater.csproj", "{4404D0DD-017E-4CC5-8302-3C150FDF06E7}"
EndProject
Project("{FAE04EC0-301F-11D3-BF4B-00C04F79EFBC}") = "ArtistFolderCreator", "RocksmithToolkitCLI\ArtistFolderCreator\ArtistFolderCreator.csproj", "{E742753F-9DC3-4AB7-B129-DC11EB2302CA}"
EndProject
Project("{FAE04EC0-301F-11D3-BF4B-00C04F79EFBC}") = "PackageCreator", "RocksmithToolkitCLI\PackageCreator\PackageCreator.csproj", "{ED268869-387A-477E-A652-C6E47BE2AC02}"
EndProject
Global
	GlobalSection(SolutionConfigurationPlatforms) = preSolution
		Debug|Any CPU = Debug|Any CPU
		Debug|Mixed Platforms = Debug|Mixed Platforms
		Debug|x86 = Debug|x86
		Release|Any CPU = Release|Any CPU
		Release|Mixed Platforms = Release|Mixed Platforms
		Release|x86 = Release|x86
		ReleaseMac|Any CPU = ReleaseMac|Any CPU
		ReleaseMac|Mixed Platforms = ReleaseMac|Mixed Platforms
		ReleaseMac|x86 = ReleaseMac|x86
	EndGlobalSection
	GlobalSection(ProjectConfigurationPlatforms) = postSolution
		{1940BBE3-640F-499C-80BC-2291585406D2}.Debug|Any CPU.ActiveCfg = Debug|Any CPU
		{1940BBE3-640F-499C-80BC-2291585406D2}.Debug|Any CPU.Build.0 = Debug|Any CPU
		{1940BBE3-640F-499C-80BC-2291585406D2}.Debug|Mixed Platforms.ActiveCfg = Debug|x86
		{1940BBE3-640F-499C-80BC-2291585406D2}.Debug|Mixed Platforms.Build.0 = Debug|x86
		{1940BBE3-640F-499C-80BC-2291585406D2}.Debug|x86.ActiveCfg = Debug|x86
		{1940BBE3-640F-499C-80BC-2291585406D2}.Release|Any CPU.ActiveCfg = Release|Any CPU
		{1940BBE3-640F-499C-80BC-2291585406D2}.Release|Any CPU.Build.0 = Release|Any CPU
		{1940BBE3-640F-499C-80BC-2291585406D2}.Release|Mixed Platforms.ActiveCfg = Release|Any CPU
		{1940BBE3-640F-499C-80BC-2291585406D2}.Release|Mixed Platforms.Build.0 = Release|Any CPU
		{1940BBE3-640F-499C-80BC-2291585406D2}.Release|x86.ActiveCfg = Release|Any CPU
		{1940BBE3-640F-499C-80BC-2291585406D2}.ReleaseMac|Any CPU.ActiveCfg = ReleaseMac|Any CPU
		{1940BBE3-640F-499C-80BC-2291585406D2}.ReleaseMac|Any CPU.Build.0 = ReleaseMac|Any CPU
		{1940BBE3-640F-499C-80BC-2291585406D2}.ReleaseMac|Mixed Platforms.ActiveCfg = ReleaseMac|Any CPU
		{1940BBE3-640F-499C-80BC-2291585406D2}.ReleaseMac|Mixed Platforms.Build.0 = ReleaseMac|Any CPU
		{1940BBE3-640F-499C-80BC-2291585406D2}.ReleaseMac|x86.ActiveCfg = ReleaseMac|Any CPU
		{1A3DEAD6-14F3-43C3-B15C-A866D48FEF61}.Debug|Any CPU.ActiveCfg = Debug|x86
		{1A3DEAD6-14F3-43C3-B15C-A866D48FEF61}.Debug|Mixed Platforms.ActiveCfg = Debug|x86
		{1A3DEAD6-14F3-43C3-B15C-A866D48FEF61}.Debug|Mixed Platforms.Build.0 = Debug|x86
		{1A3DEAD6-14F3-43C3-B15C-A866D48FEF61}.Debug|x86.ActiveCfg = Debug|x86
		{1A3DEAD6-14F3-43C3-B15C-A866D48FEF61}.Debug|x86.Build.0 = Debug|x86
		{1A3DEAD6-14F3-43C3-B15C-A866D48FEF61}.Release|Any CPU.ActiveCfg = Release|x86
		{1A3DEAD6-14F3-43C3-B15C-A866D48FEF61}.Release|Mixed Platforms.ActiveCfg = Release|x86
		{1A3DEAD6-14F3-43C3-B15C-A866D48FEF61}.Release|Mixed Platforms.Build.0 = Release|x86
		{1A3DEAD6-14F3-43C3-B15C-A866D48FEF61}.Release|x86.ActiveCfg = Release|x86
		{1A3DEAD6-14F3-43C3-B15C-A866D48FEF61}.Release|x86.Build.0 = Release|x86
		{1A3DEAD6-14F3-43C3-B15C-A866D48FEF61}.ReleaseMac|Any CPU.ActiveCfg = ReleaseMac|x86
		{1A3DEAD6-14F3-43C3-B15C-A866D48FEF61}.ReleaseMac|Mixed Platforms.ActiveCfg = ReleaseMac|x86
		{1A3DEAD6-14F3-43C3-B15C-A866D48FEF61}.ReleaseMac|Mixed Platforms.Build.0 = ReleaseMac|x86
		{1A3DEAD6-14F3-43C3-B15C-A866D48FEF61}.ReleaseMac|x86.ActiveCfg = ReleaseMac|x86
		{1A3DEAD6-14F3-43C3-B15C-A866D48FEF61}.ReleaseMac|x86.Build.0 = ReleaseMac|x86
		{2231C13A-14F6-478A-96D7-D1D3E1094CD6}.Debug|Any CPU.ActiveCfg = Debug|Any CPU
		{2231C13A-14F6-478A-96D7-D1D3E1094CD6}.Debug|Any CPU.Build.0 = Debug|Any CPU
		{2231C13A-14F6-478A-96D7-D1D3E1094CD6}.Debug|Mixed Platforms.ActiveCfg = Debug|x86
		{2231C13A-14F6-478A-96D7-D1D3E1094CD6}.Debug|Mixed Platforms.Build.0 = Debug|x86
		{2231C13A-14F6-478A-96D7-D1D3E1094CD6}.Debug|x86.ActiveCfg = Debug|x86
		{2231C13A-14F6-478A-96D7-D1D3E1094CD6}.Release|Any CPU.ActiveCfg = Release|Any CPU
		{2231C13A-14F6-478A-96D7-D1D3E1094CD6}.Release|Any CPU.Build.0 = Release|Any CPU
		{2231C13A-14F6-478A-96D7-D1D3E1094CD6}.Release|Mixed Platforms.ActiveCfg = Release|Any CPU
		{2231C13A-14F6-478A-96D7-D1D3E1094CD6}.Release|Mixed Platforms.Build.0 = Release|Any CPU
		{2231C13A-14F6-478A-96D7-D1D3E1094CD6}.Release|x86.ActiveCfg = Release|Any CPU
		{2231C13A-14F6-478A-96D7-D1D3E1094CD6}.ReleaseMac|Any CPU.ActiveCfg = ReleaseMac|Any CPU
		{2231C13A-14F6-478A-96D7-D1D3E1094CD6}.ReleaseMac|Any CPU.Build.0 = ReleaseMac|Any CPU
		{2231C13A-14F6-478A-96D7-D1D3E1094CD6}.ReleaseMac|Mixed Platforms.ActiveCfg = ReleaseMac|Any CPU
		{2231C13A-14F6-478A-96D7-D1D3E1094CD6}.ReleaseMac|Mixed Platforms.Build.0 = ReleaseMac|Any CPU
		{2231C13A-14F6-478A-96D7-D1D3E1094CD6}.ReleaseMac|x86.ActiveCfg = ReleaseMac|Any CPU
		{48703F6C-9F98-4534-AB1D-67856A84D806}.Debug|Any CPU.ActiveCfg = Debug|x86
		{48703F6C-9F98-4534-AB1D-67856A84D806}.Debug|Mixed Platforms.ActiveCfg = Debug|x86
		{48703F6C-9F98-4534-AB1D-67856A84D806}.Debug|Mixed Platforms.Build.0 = Debug|x86
		{48703F6C-9F98-4534-AB1D-67856A84D806}.Debug|x86.ActiveCfg = Debug|x86
		{48703F6C-9F98-4534-AB1D-67856A84D806}.Debug|x86.Build.0 = Debug|x86
		{48703F6C-9F98-4534-AB1D-67856A84D806}.Release|Any CPU.ActiveCfg = Release|x86
		{48703F6C-9F98-4534-AB1D-67856A84D806}.Release|Mixed Platforms.ActiveCfg = Release|x86
		{48703F6C-9F98-4534-AB1D-67856A84D806}.Release|Mixed Platforms.Build.0 = Release|x86
		{48703F6C-9F98-4534-AB1D-67856A84D806}.Release|x86.ActiveCfg = Release|x86
		{48703F6C-9F98-4534-AB1D-67856A84D806}.Release|x86.Build.0 = Release|x86
		{48703F6C-9F98-4534-AB1D-67856A84D806}.ReleaseMac|Any CPU.ActiveCfg = ReleaseMac|x86
		{48703F6C-9F98-4534-AB1D-67856A84D806}.ReleaseMac|Mixed Platforms.ActiveCfg = ReleaseMac|x86
		{48703F6C-9F98-4534-AB1D-67856A84D806}.ReleaseMac|Mixed Platforms.Build.0 = ReleaseMac|x86
		{48703F6C-9F98-4534-AB1D-67856A84D806}.ReleaseMac|x86.ActiveCfg = ReleaseMac|x86
		{48703F6C-9F98-4534-AB1D-67856A84D806}.ReleaseMac|x86.Build.0 = ReleaseMac|x86
		{9190164B-E755-4C8D-812E-70BE8FA286DD}.Debug|Any CPU.ActiveCfg = Debug|x86
		{9190164B-E755-4C8D-812E-70BE8FA286DD}.Debug|Mixed Platforms.ActiveCfg = Debug|x86
		{9190164B-E755-4C8D-812E-70BE8FA286DD}.Debug|Mixed Platforms.Build.0 = Debug|x86
		{9190164B-E755-4C8D-812E-70BE8FA286DD}.Debug|x86.ActiveCfg = Debug|x86
		{9190164B-E755-4C8D-812E-70BE8FA286DD}.Debug|x86.Build.0 = Debug|x86
		{9190164B-E755-4C8D-812E-70BE8FA286DD}.Release|Any CPU.ActiveCfg = Release|x86
		{9190164B-E755-4C8D-812E-70BE8FA286DD}.Release|Mixed Platforms.ActiveCfg = Release|x86
		{9190164B-E755-4C8D-812E-70BE8FA286DD}.Release|Mixed Platforms.Build.0 = Release|x86
		{9190164B-E755-4C8D-812E-70BE8FA286DD}.Release|x86.ActiveCfg = Release|x86
		{9190164B-E755-4C8D-812E-70BE8FA286DD}.Release|x86.Build.0 = Release|x86
		{9190164B-E755-4C8D-812E-70BE8FA286DD}.ReleaseMac|Any CPU.ActiveCfg = ReleaseMac|x86
		{9190164B-E755-4C8D-812E-70BE8FA286DD}.ReleaseMac|Mixed Platforms.ActiveCfg = ReleaseMac|x86
		{9190164B-E755-4C8D-812E-70BE8FA286DD}.ReleaseMac|Mixed Platforms.Build.0 = ReleaseMac|x86
		{9190164B-E755-4C8D-812E-70BE8FA286DD}.ReleaseMac|x86.ActiveCfg = ReleaseMac|x86
		{9190164B-E755-4C8D-812E-70BE8FA286DD}.ReleaseMac|x86.Build.0 = ReleaseMac|x86
		{822D185A-28A3-4AE0-A811-800E968AA2E7}.Debug|Any CPU.ActiveCfg = Debug|x86
		{822D185A-28A3-4AE0-A811-800E968AA2E7}.Debug|Mixed Platforms.ActiveCfg = Debug|x86
		{822D185A-28A3-4AE0-A811-800E968AA2E7}.Debug|Mixed Platforms.Build.0 = Debug|x86
		{822D185A-28A3-4AE0-A811-800E968AA2E7}.Debug|x86.ActiveCfg = Debug|x86
		{822D185A-28A3-4AE0-A811-800E968AA2E7}.Debug|x86.Build.0 = Debug|x86
		{822D185A-28A3-4AE0-A811-800E968AA2E7}.Release|Any CPU.ActiveCfg = Release|x86
		{822D185A-28A3-4AE0-A811-800E968AA2E7}.Release|Mixed Platforms.ActiveCfg = Release|x86
		{822D185A-28A3-4AE0-A811-800E968AA2E7}.Release|Mixed Platforms.Build.0 = Release|x86
		{822D185A-28A3-4AE0-A811-800E968AA2E7}.Release|x86.ActiveCfg = Release|x86
		{822D185A-28A3-4AE0-A811-800E968AA2E7}.Release|x86.Build.0 = Release|x86
		{822D185A-28A3-4AE0-A811-800E968AA2E7}.ReleaseMac|Any CPU.ActiveCfg = ReleaseMac|x86
		{822D185A-28A3-4AE0-A811-800E968AA2E7}.ReleaseMac|Mixed Platforms.ActiveCfg = ReleaseMac|x86
		{822D185A-28A3-4AE0-A811-800E968AA2E7}.ReleaseMac|Mixed Platforms.Build.0 = ReleaseMac|x86
		{822D185A-28A3-4AE0-A811-800E968AA2E7}.ReleaseMac|x86.ActiveCfg = ReleaseMac|x86
		{822D185A-28A3-4AE0-A811-800E968AA2E7}.ReleaseMac|x86.Build.0 = ReleaseMac|x86
		{54637C43-E331-443B-B30F-C181A5CA60A4}.Debug|Any CPU.ActiveCfg = Debug|x86
		{54637C43-E331-443B-B30F-C181A5CA60A4}.Debug|Mixed Platforms.ActiveCfg = Debug|x86
		{54637C43-E331-443B-B30F-C181A5CA60A4}.Debug|Mixed Platforms.Build.0 = Debug|x86
		{54637C43-E331-443B-B30F-C181A5CA60A4}.Debug|x86.ActiveCfg = Debug|x86
		{54637C43-E331-443B-B30F-C181A5CA60A4}.Debug|x86.Build.0 = Debug|x86
		{54637C43-E331-443B-B30F-C181A5CA60A4}.Release|Any CPU.ActiveCfg = Release|x86
		{54637C43-E331-443B-B30F-C181A5CA60A4}.Release|Mixed Platforms.ActiveCfg = Release|x86
		{54637C43-E331-443B-B30F-C181A5CA60A4}.Release|Mixed Platforms.Build.0 = Release|x86
		{54637C43-E331-443B-B30F-C181A5CA60A4}.Release|x86.ActiveCfg = Release|x86
		{54637C43-E331-443B-B30F-C181A5CA60A4}.Release|x86.Build.0 = Release|x86
		{54637C43-E331-443B-B30F-C181A5CA60A4}.ReleaseMac|Any CPU.ActiveCfg = ReleaseMac|x86
		{54637C43-E331-443B-B30F-C181A5CA60A4}.ReleaseMac|Mixed Platforms.ActiveCfg = ReleaseMac|x86
		{54637C43-E331-443B-B30F-C181A5CA60A4}.ReleaseMac|Mixed Platforms.Build.0 = ReleaseMac|x86
		{54637C43-E331-443B-B30F-C181A5CA60A4}.ReleaseMac|x86.ActiveCfg = ReleaseMac|x86
		{54637C43-E331-443B-B30F-C181A5CA60A4}.ReleaseMac|x86.Build.0 = ReleaseMac|x86
		{3AB6A6D5-B5AE-4319-9B57-2758D13EB042}.Debug|Any CPU.ActiveCfg = Debug|Any CPU
		{3AB6A6D5-B5AE-4319-9B57-2758D13EB042}.Debug|Any CPU.Build.0 = Debug|Any CPU
		{3AB6A6D5-B5AE-4319-9B57-2758D13EB042}.Debug|Mixed Platforms.ActiveCfg = Debug|x86
		{3AB6A6D5-B5AE-4319-9B57-2758D13EB042}.Debug|Mixed Platforms.Build.0 = Debug|x86
		{3AB6A6D5-B5AE-4319-9B57-2758D13EB042}.Debug|x86.ActiveCfg = Debug|x86
		{3AB6A6D5-B5AE-4319-9B57-2758D13EB042}.Debug|x86.Build.0 = Debug|x86
		{3AB6A6D5-B5AE-4319-9B57-2758D13EB042}.Release|Any CPU.ActiveCfg = Release|Any CPU
		{3AB6A6D5-B5AE-4319-9B57-2758D13EB042}.Release|Any CPU.Build.0 = Release|Any CPU
		{3AB6A6D5-B5AE-4319-9B57-2758D13EB042}.Release|Mixed Platforms.ActiveCfg = Release|x86
		{3AB6A6D5-B5AE-4319-9B57-2758D13EB042}.Release|Mixed Platforms.Build.0 = Release|x86
		{3AB6A6D5-B5AE-4319-9B57-2758D13EB042}.Release|x86.ActiveCfg = Release|x86
		{3AB6A6D5-B5AE-4319-9B57-2758D13EB042}.Release|x86.Build.0 = Release|x86
		{3AB6A6D5-B5AE-4319-9B57-2758D13EB042}.ReleaseMac|Any CPU.ActiveCfg = ReleaseMac|Any CPU
		{3AB6A6D5-B5AE-4319-9B57-2758D13EB042}.ReleaseMac|Any CPU.Build.0 = ReleaseMac|Any CPU
		{3AB6A6D5-B5AE-4319-9B57-2758D13EB042}.ReleaseMac|Mixed Platforms.ActiveCfg = ReleaseMac|x86
		{3AB6A6D5-B5AE-4319-9B57-2758D13EB042}.ReleaseMac|Mixed Platforms.Build.0 = ReleaseMac|x86
		{3AB6A6D5-B5AE-4319-9B57-2758D13EB042}.ReleaseMac|x86.ActiveCfg = ReleaseMac|x86
		{3AB6A6D5-B5AE-4319-9B57-2758D13EB042}.ReleaseMac|x86.Build.0 = ReleaseMac|x86
		{63FB3334-1E7E-42D7-A025-744BC387AAD6}.Debug|Any CPU.ActiveCfg = Debug|x86
		{63FB3334-1E7E-42D7-A025-744BC387AAD6}.Debug|Mixed Platforms.ActiveCfg = Debug|x86
		{63FB3334-1E7E-42D7-A025-744BC387AAD6}.Debug|Mixed Platforms.Build.0 = Debug|x86
		{63FB3334-1E7E-42D7-A025-744BC387AAD6}.Debug|x86.ActiveCfg = Debug|x86
		{63FB3334-1E7E-42D7-A025-744BC387AAD6}.Debug|x86.Build.0 = Debug|x86
		{63FB3334-1E7E-42D7-A025-744BC387AAD6}.Release|Any CPU.ActiveCfg = Release|x86
		{63FB3334-1E7E-42D7-A025-744BC387AAD6}.Release|Mixed Platforms.ActiveCfg = Release|x86
		{63FB3334-1E7E-42D7-A025-744BC387AAD6}.Release|Mixed Platforms.Build.0 = Release|x86
		{63FB3334-1E7E-42D7-A025-744BC387AAD6}.Release|x86.ActiveCfg = Release|x86
		{63FB3334-1E7E-42D7-A025-744BC387AAD6}.Release|x86.Build.0 = Release|x86
		{63FB3334-1E7E-42D7-A025-744BC387AAD6}.ReleaseMac|Any CPU.ActiveCfg = ReleaseMac|x86
		{63FB3334-1E7E-42D7-A025-744BC387AAD6}.ReleaseMac|Mixed Platforms.ActiveCfg = ReleaseMac|x86
		{63FB3334-1E7E-42D7-A025-744BC387AAD6}.ReleaseMac|Mixed Platforms.Build.0 = ReleaseMac|x86
		{63FB3334-1E7E-42D7-A025-744BC387AAD6}.ReleaseMac|x86.ActiveCfg = ReleaseMac|x86
		{63FB3334-1E7E-42D7-A025-744BC387AAD6}.ReleaseMac|x86.Build.0 = ReleaseMac|x86
		{972BC97A-B70A-4007-B915-952CC3606A2A}.Debug|Any CPU.ActiveCfg = Debug|x86
		{972BC97A-B70A-4007-B915-952CC3606A2A}.Debug|Mixed Platforms.ActiveCfg = Debug|x86
		{972BC97A-B70A-4007-B915-952CC3606A2A}.Debug|Mixed Platforms.Build.0 = Debug|x86
		{972BC97A-B70A-4007-B915-952CC3606A2A}.Debug|x86.ActiveCfg = Debug|x86
		{972BC97A-B70A-4007-B915-952CC3606A2A}.Debug|x86.Build.0 = Debug|x86
		{972BC97A-B70A-4007-B915-952CC3606A2A}.Release|Any CPU.ActiveCfg = Release|x86
		{972BC97A-B70A-4007-B915-952CC3606A2A}.Release|Mixed Platforms.ActiveCfg = Release|x86
		{972BC97A-B70A-4007-B915-952CC3606A2A}.Release|Mixed Platforms.Build.0 = Release|x86
		{972BC97A-B70A-4007-B915-952CC3606A2A}.Release|x86.ActiveCfg = Release|x86
		{972BC97A-B70A-4007-B915-952CC3606A2A}.Release|x86.Build.0 = Release|x86
		{972BC97A-B70A-4007-B915-952CC3606A2A}.ReleaseMac|Any CPU.ActiveCfg = ReleaseMac|x86
		{972BC97A-B70A-4007-B915-952CC3606A2A}.ReleaseMac|Mixed Platforms.ActiveCfg = ReleaseMac|x86
		{972BC97A-B70A-4007-B915-952CC3606A2A}.ReleaseMac|Mixed Platforms.Build.0 = ReleaseMac|x86
		{972BC97A-B70A-4007-B915-952CC3606A2A}.ReleaseMac|x86.ActiveCfg = ReleaseMac|x86
		{972BC97A-B70A-4007-B915-952CC3606A2A}.ReleaseMac|x86.Build.0 = ReleaseMac|x86
		{8FDBC548-DEBF-46D6-A933-33C8D72F33AB}.Debug|Any CPU.ActiveCfg = Debug|x86
		{8FDBC548-DEBF-46D6-A933-33C8D72F33AB}.Debug|Mixed Platforms.ActiveCfg = Debug|x86
		{8FDBC548-DEBF-46D6-A933-33C8D72F33AB}.Debug|Mixed Platforms.Build.0 = Debug|x86
		{8FDBC548-DEBF-46D6-A933-33C8D72F33AB}.Debug|x86.ActiveCfg = Debug|x86
		{8FDBC548-DEBF-46D6-A933-33C8D72F33AB}.Debug|x86.Build.0 = Debug|x86
		{8FDBC548-DEBF-46D6-A933-33C8D72F33AB}.Release|Any CPU.ActiveCfg = Release|x86
		{8FDBC548-DEBF-46D6-A933-33C8D72F33AB}.Release|Mixed Platforms.ActiveCfg = Release|x86
		{8FDBC548-DEBF-46D6-A933-33C8D72F33AB}.Release|Mixed Platforms.Build.0 = Release|x86
		{8FDBC548-DEBF-46D6-A933-33C8D72F33AB}.Release|x86.ActiveCfg = Release|x86
		{8FDBC548-DEBF-46D6-A933-33C8D72F33AB}.Release|x86.Build.0 = Release|x86
		{8FDBC548-DEBF-46D6-A933-33C8D72F33AB}.ReleaseMac|Any CPU.ActiveCfg = ReleaseMac|x86
		{8FDBC548-DEBF-46D6-A933-33C8D72F33AB}.ReleaseMac|Mixed Platforms.ActiveCfg = ReleaseMac|x86
		{8FDBC548-DEBF-46D6-A933-33C8D72F33AB}.ReleaseMac|Mixed Platforms.Build.0 = ReleaseMac|x86
		{8FDBC548-DEBF-46D6-A933-33C8D72F33AB}.ReleaseMac|x86.ActiveCfg = ReleaseMac|x86
		{8FDBC548-DEBF-46D6-A933-33C8D72F33AB}.ReleaseMac|x86.Build.0 = ReleaseMac|x86
		{4404D0DD-017E-4CC5-8302-3C150FDF06E7}.Debug|Any CPU.ActiveCfg = Debug|x86
		{4404D0DD-017E-4CC5-8302-3C150FDF06E7}.Debug|Mixed Platforms.ActiveCfg = Debug|x86
		{4404D0DD-017E-4CC5-8302-3C150FDF06E7}.Debug|Mixed Platforms.Build.0 = Debug|x86
		{4404D0DD-017E-4CC5-8302-3C150FDF06E7}.Debug|x86.ActiveCfg = Debug|x86
		{4404D0DD-017E-4CC5-8302-3C150FDF06E7}.Debug|x86.Build.0 = Debug|x86
		{4404D0DD-017E-4CC5-8302-3C150FDF06E7}.Release|Any CPU.ActiveCfg = Release|x86
		{4404D0DD-017E-4CC5-8302-3C150FDF06E7}.Release|Mixed Platforms.ActiveCfg = Release|x86
		{4404D0DD-017E-4CC5-8302-3C150FDF06E7}.Release|Mixed Platforms.Build.0 = Release|x86
		{4404D0DD-017E-4CC5-8302-3C150FDF06E7}.Release|x86.ActiveCfg = Release|x86
		{4404D0DD-017E-4CC5-8302-3C150FDF06E7}.Release|x86.Build.0 = Release|x86
		{4404D0DD-017E-4CC5-8302-3C150FDF06E7}.ReleaseMac|Any CPU.ActiveCfg = Release|x86
		{4404D0DD-017E-4CC5-8302-3C150FDF06E7}.ReleaseMac|Mixed Platforms.ActiveCfg = Release|x86
		{4404D0DD-017E-4CC5-8302-3C150FDF06E7}.ReleaseMac|Mixed Platforms.Build.0 = Release|x86
		{4404D0DD-017E-4CC5-8302-3C150FDF06E7}.ReleaseMac|x86.ActiveCfg = Release|x86
		{4404D0DD-017E-4CC5-8302-3C150FDF06E7}.ReleaseMac|x86.Build.0 = Release|x86
		{E742753F-9DC3-4AB7-B129-DC11EB2302CA}.Debug|Any CPU.ActiveCfg = Debug|Any CPU
		{E742753F-9DC3-4AB7-B129-DC11EB2302CA}.Debug|Any CPU.Build.0 = Debug|Any CPU
		{E742753F-9DC3-4AB7-B129-DC11EB2302CA}.Debug|Mixed Platforms.ActiveCfg = Debug|Any CPU
		{E742753F-9DC3-4AB7-B129-DC11EB2302CA}.Debug|Mixed Platforms.Build.0 = Debug|Any CPU
		{E742753F-9DC3-4AB7-B129-DC11EB2302CA}.Debug|x86.ActiveCfg = Debug|x86
		{E742753F-9DC3-4AB7-B129-DC11EB2302CA}.Debug|x86.Build.0 = Debug|x86
		{E742753F-9DC3-4AB7-B129-DC11EB2302CA}.Release|Any CPU.ActiveCfg = Release|Any CPU
		{E742753F-9DC3-4AB7-B129-DC11EB2302CA}.Release|Any CPU.Build.0 = Release|Any CPU
		{E742753F-9DC3-4AB7-B129-DC11EB2302CA}.Release|Mixed Platforms.ActiveCfg = Release|Any CPU
		{E742753F-9DC3-4AB7-B129-DC11EB2302CA}.Release|Mixed Platforms.Build.0 = Release|Any CPU
		{E742753F-9DC3-4AB7-B129-DC11EB2302CA}.Release|x86.ActiveCfg = Release|x86
		{E742753F-9DC3-4AB7-B129-DC11EB2302CA}.Release|x86.Build.0 = Release|x86
		{E742753F-9DC3-4AB7-B129-DC11EB2302CA}.ReleaseMac|Any CPU.ActiveCfg = Release|Any CPU
		{E742753F-9DC3-4AB7-B129-DC11EB2302CA}.ReleaseMac|Any CPU.Build.0 = Release|Any CPU
		{E742753F-9DC3-4AB7-B129-DC11EB2302CA}.ReleaseMac|Mixed Platforms.ActiveCfg = Release|Any CPU
		{E742753F-9DC3-4AB7-B129-DC11EB2302CA}.ReleaseMac|Mixed Platforms.Build.0 = Release|Any CPU
		{E742753F-9DC3-4AB7-B129-DC11EB2302CA}.ReleaseMac|x86.ActiveCfg = Release|Any CPU
		{ED268869-387A-477E-A652-C6E47BE2AC02}.Debug|Any CPU.ActiveCfg = Debug|x86
		{ED268869-387A-477E-A652-C6E47BE2AC02}.Debug|Mixed Platforms.ActiveCfg = Debug|x86
		{ED268869-387A-477E-A652-C6E47BE2AC02}.Debug|Mixed Platforms.Build.0 = Debug|x86
		{ED268869-387A-477E-A652-C6E47BE2AC02}.Debug|x86.ActiveCfg = Debug|x86
		{ED268869-387A-477E-A652-C6E47BE2AC02}.Debug|x86.Build.0 = Debug|x86
		{ED268869-387A-477E-A652-C6E47BE2AC02}.Release|Any CPU.ActiveCfg = Release|x86
		{ED268869-387A-477E-A652-C6E47BE2AC02}.Release|Mixed Platforms.ActiveCfg = Release|x86
		{ED268869-387A-477E-A652-C6E47BE2AC02}.Release|Mixed Platforms.Build.0 = Release|x86
		{ED268869-387A-477E-A652-C6E47BE2AC02}.Release|x86.ActiveCfg = Release|x86
		{ED268869-387A-477E-A652-C6E47BE2AC02}.Release|x86.Build.0 = Release|x86
		{ED268869-387A-477E-A652-C6E47BE2AC02}.ReleaseMac|Any CPU.ActiveCfg = Release|x86
		{ED268869-387A-477E-A652-C6E47BE2AC02}.ReleaseMac|Mixed Platforms.ActiveCfg = Release|x86
		{ED268869-387A-477E-A652-C6E47BE2AC02}.ReleaseMac|Mixed Platforms.Build.0 = Release|x86
		{ED268869-387A-477E-A652-C6E47BE2AC02}.ReleaseMac|x86.ActiveCfg = Release|x86
		{ED268869-387A-477E-A652-C6E47BE2AC02}.ReleaseMac|x86.Build.0 = Release|x86
	EndGlobalSection
	GlobalSection(SolutionProperties) = preSolution
		HideSolutionNode = FALSE
	EndGlobalSection
	GlobalSection(NestedProjects) = preSolution
		{48703F6C-9F98-4534-AB1D-67856A84D806} = {7CFB8499-8B82-40B3-89EA-7971F5FD1E0C}
		{9190164B-E755-4C8D-812E-70BE8FA286DD} = {7CFB8499-8B82-40B3-89EA-7971F5FD1E0C}
		{822D185A-28A3-4AE0-A811-800E968AA2E7} = {7CFB8499-8B82-40B3-89EA-7971F5FD1E0C}
		{54637C43-E331-443B-B30F-C181A5CA60A4} = {7CFB8499-8B82-40B3-89EA-7971F5FD1E0C}
		{3AB6A6D5-B5AE-4319-9B57-2758D13EB042} = {7CFB8499-8B82-40B3-89EA-7971F5FD1E0C}
		{63FB3334-1E7E-42D7-A025-744BC387AAD6} = {7CFB8499-8B82-40B3-89EA-7971F5FD1E0C}
		{972BC97A-B70A-4007-B915-952CC3606A2A} = {7CFB8499-8B82-40B3-89EA-7971F5FD1E0C}
		{8FDBC548-DEBF-46D6-A933-33C8D72F33AB} = {7CFB8499-8B82-40B3-89EA-7971F5FD1E0C}
		{E742753F-9DC3-4AB7-B129-DC11EB2302CA} = {7CFB8499-8B82-40B3-89EA-7971F5FD1E0C}
		{ED268869-387A-477E-A652-C6E47BE2AC02} = {7CFB8499-8B82-40B3-89EA-7971F5FD1E0C}
	EndGlobalSection
EndGlobal
